
Microsoft Visual Studio Solution File, Format Version 12.00
# Visual Studio 2013
VisualStudioVersion = 12.0.21005.1
MinimumVisualStudioVersion = 10.0.40219.1
Project("{2150E333-8FDC-42A3-9474-1A3956D46DE8}") = "1 - Camada de Acesso a Dados", "1 - Camada de Acesso a Dados", "{C15C92A7-C384-4BAA-8E66-1E320AF04B05}"
EndProject
Project("{2150E333-8FDC-42A3-9474-1A3956D46DE8}") = "2 - Camada de Apresentação", "2 - Camada de Apresentação", "{6A1025D7-B591-4DA3-9890-83B5C87AF5AC}"
EndProject
Project("{FAE04EC0-301F-11D3-BF4B-00C04F79EFBC}") = "Projeto.DAL", "Projeto.DAL\Projeto.DAL.csproj", "{6C6B15BC-B381-44F4-9786-EA507D97C72A}"
EndProject
Project("{FAE04EC0-301F-11D3-BF4B-00C04F79EFBC}") = "Projeto.Web", "Projeto.Web\Projeto.Web.csproj", "{CC4E17E7-73EB-4170-9D9D-9037575FEC8E}"
EndProject
Global
	GlobalSection(SolutionConfigurationPlatforms) = preSolution
		Debug|Any CPU = Debug|Any CPU
		Release|Any CPU = Release|Any CPU
	EndGlobalSection
	GlobalSection(ProjectConfigurationPlatforms) = postSolution
		{6C6B15BC-B381-44F4-9786-EA507D97C72A}.Debug|Any CPU.ActiveCfg = Debug|Any CPU
		{6C6B15BC-B381-44F4-9786-EA507D97C72A}.Debug|Any CPU.Build.0 = Debug|Any CPU
		{6C6B15BC-B381-44F4-9786-EA507D97C72A}.Release|Any CPU.ActiveCfg = Release|Any CPU
		{6C6B15BC-B381-44F4-9786-EA507D97C72A}.Release|Any CPU.Build.0 = Release|Any CPU
		{CC4E17E7-73EB-4170-9D9D-9037575FEC8E}.Debug|Any CPU.ActiveCfg = Debug|Any CPU
		{CC4E17E7-73EB-4170-9D9D-9037575FEC8E}.Debug|Any CPU.Build.0 = Debug|Any CPU
		{CC4E17E7-73EB-4170-9D9D-9037575FEC8E}.Release|Any CPU.ActiveCfg = Release|Any CPU
		{CC4E17E7-73EB-4170-9D9D-9037575FEC8E}.Release|Any CPU.Build.0 = Release|Any CPU
	EndGlobalSection
	GlobalSection(SolutionProperties) = preSolution
		HideSolutionNode = FALSE
	EndGlobalSection
	GlobalSection(NestedProjects) = preSolution
		{6C6B15BC-B381-44F4-9786-EA507D97C72A} = {C15C92A7-C384-4BAA-8E66-1E320AF04B05}
		{CC4E17E7-73EB-4170-9D9D-9037575FEC8E} = {6A1025D7-B591-4DA3-9890-83B5C87AF5AC}
	EndGlobalSection
EndGlobal
